dependencies:
  firebase-auth-lite: 0.8.4
  vue: 2.6.11
  vuex: 3.5.1_vue@2.6.11
devDependencies:
  '@nuxt/types': 2.13.3
  esbuild: 0.6.1
lockfileVersion: 5.1
packages:
  /@babel/helper-validator-identifier/7.10.4:
    dev: true
    resolution:
      integrity: sha512-3U9y+43hz7ZM+rzG24Qe2mufW5KhvFg/NhnNph+i9mgCtdTCtMJuI1TMkrIUiK7Ix4PYlRF9I5dhqaLYA/ADXw==
  /@babel/parser/7.10.4:
    dev: true
    engines:
      node: '>=6.0.0'
    hasBin: true
    resolution:
      integrity: sha512-8jHII4hf+YVDsskTF6WuMB3X4Eh+PsUkC2ljq22so5rHvH+T8BzyL94VOdyFLNR8tBSVXOTbNHOKpR4TfRxVtA==
  /@babel/types/7.10.4:
    dependencies:
      '@babel/helper-validator-identifier': 7.10.4
      lodash: 4.17.19
      to-fast-properties: 2.0.0
    dev: true
    resolution:
      integrity: sha512-UTCFOxC3FsFHb7lkRMVvgLzaRVamXuAs2Tz4wajva4WxtVY82eZeaUBtC2Zt95FU9TiznuC0Zk35tsim8jeVpg==
  /@nuxt/types/2.13.3:
    dependencies:
      '@types/autoprefixer': 9.7.2
      '@types/babel__core': 7.1.9
      '@types/compression': 1.7.0
      '@types/connect': 3.4.33
      '@types/etag': 1.8.0
      '@types/file-loader': 4.2.0
      '@types/html-minifier': 4.0.0
      '@types/less': 3.0.1
      '@types/node': 12.12.50
      '@types/node-sass': 4.11.1
      '@types/optimize-css-assets-webpack-plugin': 5.0.1
      '@types/pug': 2.0.4
      '@types/serve-static': 1.13.4
      '@types/terser-webpack-plugin': 2.2.1
      '@types/webpack': 4.41.21
      '@types/webpack-bundle-analyzer': 3.8.0
      '@types/webpack-dev-middleware': 3.7.1
      '@types/webpack-hot-middleware': 2.25.3
    dev: true
    resolution:
      integrity: sha512-GbNr2VzjZ+ZPY6+jPGDLQRgJGYVBwsau3OoFJWbcD60PnYUyspL6yOKq1U6smRFAPyuWm2RmncBeYNtx/kJIZw==
  /@types/anymatch/1.3.1:
    dev: true
    resolution:
      integrity: sha512-/+CRPXpBDpo2RK9C68N3b2cOvO0Cf5B9aPijHsoDQTHivnGSObdOF2BRQOYjojWTDy6nQvMjmqRXIxH55VjxxA==
  /@types/autoprefixer/9.7.2:
    dependencies:
      '@types/browserslist': 4.8.0
      postcss: 7.0.32
    dev: true
    resolution:
      integrity: sha512-QX7U7YW3zX3ex6MECtWO9folTGsXeP4b8bSjTq3I1ODM+H+sFHwGKuof+T+qBcDClGlCGtDb3SVfiTVfmcxw4g==
  /@types/babel__core/7.1.9:
    dependencies:
      '@babel/parser': 7.10.4
      '@babel/types': 7.10.4
      '@types/babel__generator': 7.6.1
      '@types/babel__template': 7.0.2
      '@types/babel__traverse': 7.0.13
    dev: true
    resolution:
      integrity: sha512-sY2RsIJ5rpER1u3/aQ8OFSI7qGIy8o1NEEbgb2UaJcvOtXOMpd39ko723NBpjQFg9SIX7TXtjejZVGeIMLhoOw==
  /@types/babel__generator/7.6.1:
    dependencies:
      '@babel/types': 7.10.4
    dev: true
    resolution:
      integrity: sha512-bBKm+2VPJcMRVwNhxKu8W+5/zT7pwNEqeokFOmbvVSqGzFneNxYcEBro9Ac7/N9tlsaPYnZLK8J1LWKkMsLAew==
  /@types/babel__template/7.0.2:
    dependencies:
      '@babel/parser': 7.10.4
      '@babel/types': 7.10.4
    dev: true
    resolution:
      integrity: sha512-/K6zCpeW7Imzgab2bLkLEbz0+1JlFSrUMdw7KoIIu+IUdu51GWaBZpd3y1VXGVXzynvGa4DaIaxNZHiON3GXUg==
  /@types/babel__traverse/7.0.13:
    dependencies:
      '@babel/types': 7.10.4
    dev: true
    resolution:
      integrity: sha512-i+zS7t6/s9cdQvbqKDARrcbrPvtJGlbYsMkazo03nTAK3RX9FNrLllXys22uiTGJapPOTZTQ35nHh4ISph4SLQ==
  /@types/body-parser/1.19.0:
    dependencies:
      '@types/connect': 3.4.33
      '@types/node': 12.12.50
    dev: true
    resolution:
      integrity: sha512-W98JrE0j2K78swW4ukqMleo8R7h/pFETjM2DQ90MF6XK2i4LO4W3gQ71Lt4w3bfm2EvVSyWHplECvB5sK22yFQ==
  /@types/browserslist/4.8.0:
    dev: true
    resolution:
      integrity: sha512-4PyO9OM08APvxxo1NmQyQKlJdowPCOQIy5D/NLO3aO0vGC57wsMptvGp3b8IbYnupFZr92l1dlVief1JvS6STQ==
  /@types/clean-css/4.2.2:
    dependencies:
      '@types/node': 12.12.50
    dev: true
    resolution:
      integrity: sha512-xiTJn3bmDh1lA8c6iVJs4ZhHw+pcmxXlJQXOB6G1oULaak8rmarIeFKI4aTJ7849dEhaO612wgIualZfbxTJwA==
  /@types/compression/1.7.0:
    dependencies:
      '@types/express': 4.17.7
    dev: true
    resolution:
      integrity: sha512-3LzWUM+3k3XdWOUk/RO+uSjv7YWOatYq2QADJntK1pjkk4DfVP0KrIEPDnXRJxAAGKe0VpIPRmlINLDuCedZWw==
  /@types/connect/3.4.33:
    dependencies:
      '@types/node': 12.12.50
    dev: true
    resolution:
      integrity: sha512-2+FrkXY4zllzTNfJth7jOqEHC+enpLeGslEhpnTAkg21GkRrWV4SsAtqchtT4YS9/nODBU2/ZfsBY2X4J/dX7A==
  /@types/etag/1.8.0:
    dependencies:
      '@types/node': 12.12.50
    dev: true
    resolution:
      integrity: sha512-EdSN0x+Y0/lBv7YAb8IU4Jgm6DWM+Bqtz7o5qozl96fzaqdqbdfHS5qjdpFeIv7xQ8jSLyjMMNShgYtMajEHyQ==
  /@types/express-serve-static-core/4.17.8:
    dependencies:
      '@types/node': 12.12.50
      '@types/qs': 6.9.3
      '@types/range-parser': 1.2.3
    dev: true
    resolution:
      integrity: sha512-1SJZ+R3Q/7mLkOD9ewCBDYD2k0WyZQtWYqF/2VvoNN2/uhI49J9CDN4OAm+wGMA0DbArA4ef27xl4+JwMtGggw==
  /@types/express/4.17.7:
    dependencies:
      '@types/body-parser': 1.19.0
      '@types/express-serve-static-core': 4.17.8
      '@types/qs': 6.9.3
      '@types/serve-static': 1.13.4
    dev: true
    resolution:
      integrity: sha512-dCOT5lcmV/uC2J9k0rPafATeeyz+99xTt54ReX11/LObZgfzJqZNcW27zGhYyX+9iSEGXGt5qLPwRSvBZcLvtQ==
  /@types/file-loader/4.2.0:
    dependencies:
      '@types/webpack': 4.41.21
    dev: true
    resolution:
      integrity: sha512-N3GMqKiKSNd41q4/lZlkdvNXKKWVdOXrA8Rniu64+25X0K2U1mWmTSu1CIqXKKsZUCwfaFcaioviLQtQ+EowLg==
  /@types/html-minifier/4.0.0:
    dependencies:
      '@types/clean-css': 4.2.2
      '@types/relateurl': 0.2.28
      '@types/uglify-js': 3.9.3
    dev: true
    resolution:
      integrity: sha512-eFnGhrKmjWBlnSGNtunetE3UU2Tc/LUl92htFslSSTmpp9EKHQVcYQadCyYfnzUEFB5G/3wLWo/USQS/mEPKrA==
  /@types/less/3.0.1:
    dev: true
    resolution:
      integrity: sha512-dBp05MtWN/w1fGVjj5LVrDw6VrdYllpWczbUkCsrzBj08IHsSyRLOFvUrCFqZFVR+nsqkrRLNg6oOlvqMLPaSA==
  /@types/memory-fs/0.3.2:
    dependencies:
      '@types/node': 12.12.50
    dev: true
    resolution:
      integrity: sha512-j5AcZo7dbMxHoOimcHEIh0JZe5e1b8q8AqGSpZJrYc7xOgCIP79cIjTdx5jSDLtySnQDwkDTqwlC7Xw7uXw7qg==
  /@types/mime/2.0.2:
    dev: true
    resolution:
      integrity: sha512-4kPlzbljFcsttWEq6aBW0OZe6BDajAmyvr2xknBG92tejQnvdGtT9+kXSZ580DqpxY9qG2xeQVF9Dq0ymUTo5Q==
  /@types/node-sass/4.11.1:
    dependencies:
      '@types/node': 12.12.50
    dev: true
    resolution:
      integrity: sha512-wPOmOEEtbwQiPTIgzUuRSQZ3H5YHinsxRGeZzPSDefAm4ylXWnZG9C0adses8ymyplKK0gwv3JkDNO8GGxnWfg==
  /@types/node/12.12.50:
    dev: true
    resolution:
      integrity: sha512-5ImO01Fb8YsEOYpV+aeyGYztcYcjGsBvN4D7G5r1ef2cuQOpymjWNQi5V0rKHE6PC2ru3HkoUr/Br2/8GUA84w==
  /@types/optimize-css-assets-webpack-plugin/5.0.1:
    dependencies:
      '@types/webpack': 4.41.21
    dev: true
    resolution:
      integrity: sha512-qyi5xmSl+DTmLFtVtelhso3VnNQYxltfgMa+Ed02xqNZCZBD0uYR6i64FmcwfieDzZRdwkJxt9o2JHq/5PBKQg==
  /@types/pug/2.0.4:
    dev: true
    resolution:
      integrity: sha1-h3L80EGOPNLMFxVV1zAHQVBR9LI=
  /@types/qs/6.9.3:
    dev: true
    resolution:
      integrity: sha512-7s9EQWupR1fTc2pSMtXRQ9w9gLOcrJn+h7HOXw4evxyvVqMi4f+q7d2tnFe3ng3SNHjtK+0EzGMGFUQX4/AQRA==
  /@types/range-parser/1.2.3:
    dev: true
    resolution:
      integrity: sha512-ewFXqrQHlFsgc09MK5jP5iR7vumV/BYayNC6PgJO2LPe8vrnNFyjQjSppfEngITi0qvfKtzFvgKymGheFM9UOA==
  /@types/relateurl/0.2.28:
    dev: true
    resolution:
      integrity: sha1-a9p9uGU/piZD9e5p6facEaOS46Y=
  /@types/serve-static/1.13.4:
    dependencies:
      '@types/express-serve-static-core': 4.17.8
      '@types/mime': 2.0.2
    dev: true
    resolution:
      integrity: sha512-jTDt0o/YbpNwZbQmE/+2e+lfjJEJJR0I3OFaKQKPWkASkCoW3i6fsUnqudSMcNAfbtmADGu8f4MV4q+GqULmug==
  /@types/source-list-map/0.1.2:
    dev: true
    resolution:
      integrity: sha512-K5K+yml8LTo9bWJI/rECfIPrGgxdpeNbj+d53lwN4QjW1MCwlkhUms+gtdzigTeUyBr09+u8BwOIY3MXvHdcsA==
  /@types/tapable/1.0.6:
    dev: true
    resolution:
      integrity: sha512-W+bw9ds02rAQaMvaLYxAbJ6cvguW/iJXNT6lTssS1ps6QdrMKttqEAMEG/b5CR8TZl3/L7/lH0ZV5nNR1LXikA==
  /@types/terser-webpack-plugin/2.2.1:
    dependencies:
      '@types/webpack': 4.41.21
      terser: 4.8.0
    dev: true
    resolution:
      integrity: sha512-Z/6t/7qz4LeO64owJ9x7JQ6X791qfLxp1M1eCp6hFQlj7xuB5+Ol7DpEn5kWClTARZ7GlPLRsEWzFzQjZShF6w==
  /@types/uglify-js/3.9.3:
    dependencies:
      source-map: 0.6.1
    dev: true
    resolution:
      integrity: sha512-KswB5C7Kwduwjj04Ykz+AjvPcfgv/37Za24O2EDzYNbwyzOo8+ydtvzUfZ5UMguiVu29Gx44l1A6VsPPcmYu9w==
  /@types/webpack-bundle-analyzer/3.8.0:
    dependencies:
      '@types/webpack': 4.41.21
    dev: true
    resolution:
      integrity: sha512-Ah6FbkXLAVUNI/ExXHsTS90iRS/Efplh333NySjhGx09oeH9qXf57NMUfl4RADTL5a89hQaq/nbT4eb0LwsQJw==
  /@types/webpack-dev-middleware/3.7.1:
    dependencies:
      '@types/connect': 3.4.33
      '@types/memory-fs': 0.3.2
      '@types/webpack': 4.41.21
      loglevel: 1.6.8
    dev: true
    resolution:
      integrity: sha512-+U6zP6/jlQ9Mw4zBOiuKOe/delLS4f0kvzAJCVK9wsW00hi4TD9u6TIaE5x5xy6xrkCiXMSf56bsAosORjP3/Q==
  /@types/webpack-hot-middleware/2.25.3:
    dependencies:
      '@types/connect': 3.4.33
      '@types/webpack': 4.41.21
    dev: true
    resolution:
      integrity: sha512-zGkTzrwQnhSadIXGYGZLu7tpXQwn4+6y9nGeql+5UeRtW/k54Jp4SnzB0Qw00ednw0ZFoZOvqTFfXSbFXohc5Q==
  /@types/webpack-sources/1.4.0:
    dependencies:
      '@types/node': 12.12.50
      '@types/source-list-map': 0.1.2
      source-map: 0.7.3
    dev: true
    resolution:
      integrity: sha512-c88dKrpSle9BtTqR6ifdaxu1Lvjsl3C5OsfvuUbUwdXymshv1TkufUAXBajCCUM/f/TmnkZC/Esb03MinzSiXQ==
  /@types/webpack/4.41.21:
    dependencies:
      '@types/anymatch': 1.3.1
      '@types/node': 12.12.50
      '@types/tapable': 1.0.6
      '@types/uglify-js': 3.9.3
      '@types/webpack-sources': 1.4.0
      source-map: 0.6.1
    dev: true
    resolution:
      integrity: sha512-2j9WVnNrr/8PLAB5csW44xzQSJwS26aOnICsP3pSGCEdsu6KYtfQ6QJsVUKHWRnm1bL7HziJsfh5fHqth87yKA==
  /ansi-styles/3.2.1:
    dependencies:
      color-convert: 1.9.3
    dev: true
    engines:
      node: '>=4'
    resolution:
      integrity: sha512-VT0ZI6kZRdTh8YyJw3SMbYm/u+NqfsAxEpWO0Pf9sq8/e94WxxOpPKx9FR1FlyCtOVDNOQ+8ntlqFxiRc+r5qA==
  /buffer-from/1.1.1:
    dev: true
    resolution:
      integrity: sha512-MQcXEUbCKtEo7bhqEs6560Hyd4XaovZlO/k9V3hjVUF/zwW7KBVdSK4gIt/bzwS9MbR5qob+F5jusZsb0YQK2A==
  /chalk/2.4.2:
    dependencies:
      ansi-styles: 3.2.1
      escape-string-regexp: 1.0.5
      supports-color: 5.5.0
    dev: true
    engines:
      node: '>=4'
    resolution:
      integrity: sha512-Mti+f9lpJNcwF4tWV8/OrTTtF1gZi+f8FqlyAdouralcFWFQWF2+NgCHShjkCb+IFBLq9buZwE1xckQU4peSuQ==
  /color-convert/1.9.3:
    dependencies:
      color-name: 1.1.3
    dev: true
    resolution:
      integrity: sha512-QfAUtd+vFdAtFQcC8CCyYt1fYWxSqAiK2cSD6zDB8N3cpsEBAvRxp9zOGg6G/SHHJYAT88/az/IuDGALsNVbGg==
  /color-name/1.1.3:
    dev: true
    resolution:
      integrity: sha1-p9BVi9icQveV3UIyj3QIMcpTvCU=
  /commander/2.20.3:
    dev: true
    resolution:
      integrity: sha512-GpVkmM8vF2vQUkj2LvZmD35JxeJOLCwJ9cUkugyk2nuhbv3+mJvpLYYt+0+USMxE+oj+ey/lJEnhZw75x/OMcQ==
  /esbuild/0.6.1:
    dev: true
    hasBin: true
    requiresBuild: true
    resolution:
      integrity: sha512-nhXBXVvdw7DUHED57lP5S+kzi2SrNMga0b8lGCOJZPI1fFkAiUtWMurrjcnp+HizALb0v8rrJNP2wh8ipUGjZQ==
  /escape-string-regexp/1.0.5:
    dev: true
    engines:
      node: '>=0.8.0'
    resolution:
      integrity: sha1-G2HAViGQqN/2rjuyzwIAyhMLhtQ=
  /firebase-auth-lite/0.8.4:
    dev: false
    resolution:
      integrity: sha512-bh+vFBxPaCtVhEWWor7OlVZs4ra+FPlC6AvQeiBJa1pnkW0WPVvLRJGdSXcU9KZyxEeVhyusGt6+Q27SVSpWzQ==
  /has-flag/3.0.0:
    dev: true
    engines:
      node: '>=4'
    resolution:
      integrity: sha1-tdRU3CGZriJWmfNGfloH87lVuv0=
  /lodash/4.17.19:
    dev: true
    resolution:
      integrity: sha512-JNvd8XER9GQX0v2qJgsaN/mzFCNA5BRe/j8JN9d+tWyGLSodKQHKFicdwNYzWwI3wjRnaKPsGj1XkBjx/F96DQ==
  /loglevel/1.6.8:
    dev: true
    engines:
      node: '>= 0.6.0'
    resolution:
      integrity: sha512-bsU7+gc9AJ2SqpzxwU3+1fedl8zAntbtC5XYlt3s2j1hJcn2PsXSmgN8TaLG/J1/2mod4+cE/3vNL70/c1RNCA==
  /postcss/7.0.32:
    dependencies:
      chalk: 2.4.2
      source-map: 0.6.1
      supports-color: 6.1.0
    dev: true
    engines:
      node: '>=6.0.0'
    resolution:
      integrity: sha512-03eXong5NLnNCD05xscnGKGDZ98CyzoqPSMjOe6SuoQY7Z2hIj0Ld1g/O/UQRuOle2aRtiIRDg9tDcTGAkLfKw==
  /source-map-support/0.5.19:
    dependencies:
      buffer-from: 1.1.1
      source-map: 0.6.1
    dev: true
    resolution:
      integrity: sha512-Wonm7zOCIJzBGQdB+thsPar0kYuCIzYvxZwlBa87yi/Mdjv7Tip2cyVbLj5o0cFPN4EVkuTwb3GDDyUx2DGnGw==
  /source-map/0.6.1:
    dev: true
    engines:
      node: '>=0.10.0'
    resolution:
      integrity: sha512-UjgapumWlbMhkBgzT7Ykc5YXUT46F0iKu8SGXq0bcwP5dz/h0Plj6enJqjz1Zbq2l5WaqYnrVbwWOWMyF3F47g==
  /source-map/0.7.3:
    dev: true
    engines:
      node: '>= 8'
    resolution:
      integrity: sha512-CkCj6giN3S+n9qrYiBTX5gystlENnRW5jZeNLHpe6aue+SrHcG5VYwujhW9s4dY31mEGsxBDrHR6oI69fTXsaQ==
  /supports-color/5.5.0:
    dependencies:
      has-flag: 3.0.0
    dev: true
    engines:
      node: '>=4'
    resolution:
      integrity: sha512-QjVjwdXIt408MIiAqCX4oUKsgU2EqAGzs2Ppkm4aQYbjm+ZEWEcW4SfFNTr4uMNZma0ey4f5lgLrkB0aX0QMow==
  /supports-color/6.1.0:
    dependencies:
      has-flag: 3.0.0
    dev: true
    engines:
      node: '>=6'
    resolution:
      integrity: sha512-qe1jfm1Mg7Nq/NSh6XE24gPXROEVsWHxC1LIx//XNlD9iw7YZQGjZNjYN7xGaEG6iKdA8EtNFW6R0gjnVXp+wQ==
  /terser/4.8.0:
    dependencies:
      commander: 2.20.3
      source-map: 0.6.1
      source-map-support: 0.5.19
    dev: true
    engines:
      node: '>=6.0.0'
    hasBin: true
    resolution:
      integrity: sha512-EAPipTNeWsb/3wLPeup1tVPaXfIaU68xMnVdPafIL1TV05OhASArYyIfFvnvJCNrR2NIOvDVNNTFRa+Re2MWyw==
  /to-fast-properties/2.0.0:
    dev: true
    engines:
      node: '>=4'
    resolution:
      integrity: sha1-3F5pjL0HkmW8c+A3doGk5Og/YW4=
  /vue/2.6.11:
    dev: false
    resolution:
      integrity: sha512-VfPwgcGABbGAue9+sfrD4PuwFar7gPb1yl1UK1MwXoQPAw0BKSqWfoYCT/ThFrdEVWoI51dBuyCoiNU9bZDZxQ==
  /vuex/3.5.1_vue@2.6.11:
    dependencies:
      vue: 2.6.11
    dev: false
    peerDependencies:
      vue: ^2.0.0
    resolution:
      integrity: sha512-w7oJzmHQs0FM9LXodfskhw9wgKBiaB+totOdb8sNzbTB2KDCEEwEs29NzBZFh/lmEK1t5tDmM1vtsO7ubG1DFw==
specifiers:
  '@nuxt/types': ^2.13.3
  esbuild: ^0.6.1
  firebase-auth-lite: ^0.8.4
  vue: ^2.6.11
  vuex: ^3.5.1
